// !$*UTF8*$!
{
	archiveVersion = 1;
	classes = {
	};
	objectVersion = 50;
	objects = {

/* Begin PBXBuildFile section */
		D2FF123123A55B6000C1C1A2 /* AppDelegate.swift in Sources */ = {isa = PBXBuildFile; fileRef = D2FF123023A55B6000C1C1A2 /* AppDelegate.swift */; };
		D2FF123323A55B6000C1C1A2 /* SceneDelegate.swift in Sources */ = {isa = PBXBuildFile; fileRef = D2FF123223A55B6000C1C1A2 /* SceneDelegate.swift */; };
		D2FF123523A55B6000C1C1A2 /* ViewController.swift in Sources */ = {isa = PBXBuildFile; fileRef = D2FF123423A55B6000C1C1A2 /* ViewController.swift */; };
		D2FF123823A55B6000C1C1A2 /* Main.storyboard in Resources */ = {isa = PBXBuildFile; fileRef = D2FF123623A55B6000C1C1A2 /* Main.storyboard */; };
		D2FF123A23A55B6200C1C1A2 /* Assets.xcassets in Resources */ = {isa = PBXBuildFile; fileRef = D2FF123923A55B6200C1C1A2 /* Assets.xcassets */; };
		D2FF123D23A55B6200C1C1A2 /* LaunchScreen.storyboard in Resources */ = {isa = PBXBuildFile; fileRef = D2FF123B23A55B6200C1C1A2 /* LaunchScreen.storyboard */; };
/* End PBXBuildFile section */

/* Begin PBXFileReference section */
		D2FF122D23A55B6000C1C1A2 /* smarthome.app */ = {isa = PBXFileReference; explicitFileType = wrapper.application; includeInIndex = 0; path = smarthome.app; sourceTree = BUILT_PRODUCTS_DIR; };
		D2FF123023A55B6000C1C1A2 /* AppDelegate.swift */ = {isa = PBXFileReference; lastKnownFileType = sourcecode.swift; path = AppDelegate.swift; sourceTree = "<group>"; };
		D2FF123223A55B6000C1C1A2 /* SceneDelegate.swift */ = {isa = PBXFileReference; lastKnownFileType = sourcecode.swift; path = SceneDelegate.swift; sourceTree = "<group>"; };
		D2FF123423A55B6000C1C1A2 /* ViewController.swift */ = {isa = PBXFileReference; lastKnownFileType = sourcecode.swift; path = ViewController.swift; sourceTree = "<group>"; };
		D2FF123723A55B6000C1C1A2 /* Base */ = {isa = PBXFileReference; lastKnownFileType = file.storyboard; name = Base; path = Base.lproj/Main.storyboard; sourceTree = "<group>"; };
		D2FF123923A55B6200C1C1A2 /* Assets.xcassets */ = {isa = PBXFileReference; lastKnownFileType = folder.assetcatalog; path = Assets.xcassets; sourceTree = "<group>"; };
		D2FF123C23A55B6200C1C1A2 /* Base */ = {isa = PBXFileReference; lastKnownFileType = file.storyboard; name = Base; path = Base.lproj/LaunchScreen.storyboard; sourceTree = "<group>"; };
		D2FF123E23A55B6200C1C1A2 /* Info.plist */ = {isa = PBXFileReference; lastKnownFileType = text.plist.xml; path = Info.plist; sourceTree = "<group>"; };
/* End PBXFileReference section */

/* Begin PBXFrameworksBuildPhase section */
		D2FF122A23A55B6000C1C1A2 /* Frameworks */ = {
			isa = PBXFrameworksBuildPhase;
			buildActionMask = 2147483647;
			files = (
			);
			runOnlyForDeploymentPostprocessing = 0;
		};
/* End PBXFrameworksBuildPhase section */

/* Begin PBXGroup section */
		D2FF122423A55B6000C1C1A2 = {
			isa = PBXGroup;
			children = (
				D2FF122F23A55B6000C1C1A2 /* smarthome */,
				D2FF122E23A55B6000C1C1A2 /* Products */,
			);
			sourceTree = "<group>";
		};
		D2FF122E23A55B6000C1C1A2 /* Products */ = {
			isa = PBXGroup;
			children = (
				D2FF122D23A55B6000C1C1A2 /* smarthome.app */,
			);
			name = Products;
			sourceTree = "<group>";
		};
		D2FF122F23A55B6000C1C1A2 /* smarthome */ = {
			isa = PBXGroup;
			children = (
				D2FF123023A55B6000C1C1A2 /* AppDelegate.swift */,
				D2FF123223A55B6000C1C1A2 /* SceneDelegate.swift */,
				D2FF123423A55B6000C1C1A2 /* ViewController.swift */,
				D2FF123623A55B6000C1C1A2 /* Main.storyboard */,
				D2FF123923A55B6200C1C1A2 /* Assets.xcassets */,
				D2FF123B23A55B6200C1C1A2 /* LaunchScreen.storyboard */,
				D2FF123E23A55B6200C1C1A2 /* Info.plist */,
			);
			path = smarthome;
			sourceTree = "<group>";
		};
/* End PBXGroup section */

/* Begin PBXNativeTarget section */
		D2FF122C23A55B6000C1C1A2 /* smarthome */ = {
			isa = PBXNativeTarget;
			buildConfigurationList = D2FF124123A55B6200C1C1A2 /* Build configuration list for PBXNativeTarget "smarthome" */;
			buildPhases = (
				D2FF122923A55B6000C1C1A2 /* Sources */,
				D2FF122A23A55B6000C1C1A2 /* Frameworks */,
				D2FF122B23A55B6000C1C1A2 /* Resources */,
			);
			buildRules = (
			);
			dependencies = (
			);
			name = smarthome;
			productName = smarthome;
			productReference = D2FF122D23A55B6000C1C1A2 /* smarthome.app */;
			productType = "com.apple.product-type.application";
		};
/* End PBXNativeTarget section */

/* Begin PBXProject section */
		D2FF122523A55B6000C1C1A2 /* Project object */ = {
			isa = PBXProject;
			attributes = {
				LastSwiftUpdateCheck = 1110;
				LastUpgradeCheck = 1110;
				ORGANIZATIONNAME = "Surya Chappidi";
				TargetAttributes = {
					D2FF122C23A55B6000C1C1A2 = {
						CreatedOnToolsVersion = 11.1;
					};
				};
			};
			buildConfigurationList = D2FF122823A55B6000C1C1A2 /* Build configuration list for PBXProject "smarthome" */;
			compatibilityVersion = "Xcode 9.3";
			developmentRegion = en;
			hasScannedForEncodings = 0;
			knownRegions = (
				en,
				Base,
			);
			mainGroup = D2FF122423A55B6000C1C1A2;
			productRefGroup = D2FF122E23A55B6000C1C1A2 /* Products */;
			projectDirPath = "";
			projectRoot = "";
			targets = (
				D2FF122C23A55B6000C1C1A2 /* smarthome */,
			);
		};
/* End PBXProject section */

/* Begin PBXResourcesBuildPhase section */
		D2FF122B23A55B6000C1C1A2 /* Resources */ = {
			isa = PBXResourcesBuildPhase;
			buildActionMask = 2147483647;
			files = (
				D2FF123D23A55B6200C1C1A2 /* LaunchScreen.storyboard in Resources */,
				D2FF123A23A55B6200C1C1A2 /* Assets.xcassets in Resources */,
				D2FF123823A55B6000C1C1A2 /* Main.storyboard in Resources */,
			);
			runOnlyForDeploymentPostprocessing = 0;
		};
/* End PBXResourcesBuildPhase section */

/* Begin PBXSourcesBuildPhase section */
		D2FF122923A55B6000C1C1A2 /* Sources */ = {
			isa = PBXSourcesBuildPhase;
			buildActionMask = 2147483647;
			files = (
				D2FF123523A55B6000C1C1A2 /* ViewController.swift in Sources */,
				D2FF123123A55B6000C1C1A2 /* AppDelegate.swift in Sources */,
				D2FF123323A55B6000C1C1A2 /* SceneDelegate.swift in Sources */,
			);
			runOnlyForDeploymentPostprocessing = 0;
		};
/* End PBXSourcesBuildPhase section */

/* Begin PBXVariantGroup section */
		D2FF123623A55B6000C1C1A2 /* Main.storyboard */ = {
			isa = PBXVariantGroup;
			children = (
				D2FF123723A55B6000C1C1A2 /* Base */,
			);
			name = Main.storyboard;
			sourceTree = "<group>";
		};
		D2FF123B23A55B6200C1C1A2 /* LaunchScreen.storyboard */ = {
			isa = PBXVariantGroup;
			children = (
				D2FF123C23A55B6200C1C1A2 /* Base */,
			);
			name = LaunchScreen.storyboard;
			sourceTree = "<group>";
		};
/* End PBXVariantGroup section */

/* Begin XCBuildConfiguration section */
		D2FF123F23A55B6200C1C1A2 /* Debug */ = {
			isa = XCBuildConfiguration;
			buildSettings = {
				ALWAYS_SEARCH_USER_PATHS = NO;
				CLANG_ANALYZER_NONNULL = YES;
				CLANG_ANALYZER_NUMBER_OBJECT_CONVERSION = YES_AGGRESSIVE;
				CLANG_CXX_LANGUAGE_STANDARD = "gnu++14";
				CLANG_CXX_LIBRARY = "libc++";
				CLANG_ENABLE_MODULES = YES;
				CLANG_ENABLE_OBJC_ARC = YES;
				CLANG_ENABLE_OBJC_WEAK = YES;
				CLANG_WARN_BLOCK_CAPTURE_AUTORELEASING = YES;
				CLANG_WARN_BOOL_CONVERSION = YES;
				CLANG_WARN_COMMA = YES;
				CLANG_WARN_CONSTANT_CONVERSION = YES;
				CLANG_WARN_DEPRECATED_OBJC_IMPLEMENTATIONS = YES;
				CLANG_WARN_DIRECT_OBJC_ISA_USAGE = YES_ERROR;
				CLANG_WARN_DOCUMENTATION_COMMENTS = YES;
				CLANG_WARN_EMPTY_BODY = YES;
				CLANG_WARN_ENUM_CONVERSION = YES;
				CLANG_WARN_INFINITE_RECURSION = YES;
				CLANG_WARN_INT_CONVERSION = YES;
				CLANG_WARN_NON_LITERAL_NULL_CONVERSION = YES;
				CLANG_WARN_OBJC_IMPLICIT_RETAIN_SELF = YES;
				CLANG_WARN_OBJC_LITERAL_CONVERSION = YES;
				CLANG_WARN_OBJC_ROOT_CLASS = YES_ERROR;
				CLANG_WARN_RANGE_LOOP_ANALYSIS = YES;
				CLANG_WARN_STRICT_PROTOTYPES = YES;
				CLANG_WARN_SUSPICIOUS_MOVE = YES;
				CLANG_WARN_UNGUARDED_AVAILABILITY = YES_AGGRESSIVE;
				CLANG_WARN_UNREACHABLE_CODE = YES;
				CLANG_WARN__DUPLICATE_METHOD_MATCH = YES;
				COPY_PHASE_STRIP = NO;
				DEBUG_INFORMATION_FORMAT = dwarf;
				ENABLE_STRICT_OBJC_MSGSEND = YES;
				ENABLE_TESTABILITY = YES;
				GCC_C_LANGUAGE_STANDARD = gnu11;
				GCC_DYNAMIC_NO_PIC = NO;
				GCC_NO_COMMON_BLOCKS = YES;
				GCC_OPTIMIZATION_LEVEL = 0;
				GCC_PREPROCESSOR_DEFINITIONS = (
					"DEBUG=1",
					"$(inherited)",
				);
				GCC_WARN_64_TO_32_BIT_CONVERSION = YES;
				GCC_WARN_ABOUT_RETURN_TYPE = YES_ERROR;
				GCC_WARN_UNDECLARED_SELECTOR = YES;
				GCC_WARN_UNINITIALIZED_AUTOS = YES_AGGRESSIVE;
				GCC_WARN_UNUSED_FUNCTION = YES;
				GCC_WARN_UNUSED_VARIABLE = YES;
				IPHONEOS_DEPLOYMENT_TARGET = 13.1;
				MTL_ENABLE_DEBUG_INFO = INCLUDE_SOURCE;
				MTL_FAST_MATH = YES;
				ONLY_ACTIVE_ARCH = YES;
				SDKROOT = iphoneos;
				SWIFT_ACTIVE_COMPILATION_CONDITIONS = DEBUG;
				SWIFT_OPTIMIZATION_LEVEL = "-Onone";
			};
			name = Debug;
		};
		D2FF124023A55B6200C1C1A2 /* Release */ = {
			isa = XCBuildConfiguration;
			buildSettings = {
				ALWAYS_SEARCH_USER_PATHS = NO;
				CLANG_ANALYZER_NONNULL = YES;
				CLANG_ANALYZER_NUMBER_OBJECT_CONVERSION = YES_AGGRESSIVE;
				CLANG_CXX_LANGUAGE_STANDARD = "gnu++14";
				CLANG_CXX_LIBRARY = "libc++";
				CLANG_ENABLE_MODULES = YES;
				CLANG_ENABLE_OBJC_ARC = YES;
				CLANG_ENABLE_OBJC_WEAK = YES;
				CLANG_WARN_BLOCK_CAPTURE_AUTORELEASING = YES;
				CLANG_WARN_BOOL_CONVERSION = YES;
				CLANG_WARN_COMMA = YES;
				CLANG_WARN_CONSTANT_CONVERSION = YES;
				CLANG_WARN_DEPRECATED_OBJC_IMPLEMENTATIONS = YES;
				CLANG_WARN_DIRECT_OBJC_ISA_USAGE = YES_ERROR;
				CLANG_WARN_DOCUMENTATION_COMMENTS = YES;
				CLANG_WARN_EMPTY_BODY = YES;
				CLANG_WARN_ENUM_CONVERSION = YES;
				CLANG_WARN_INFINITE_RECURSION = YES;
				CLANG_WARN_INT_CONVERSION = YES;
				CLANG_WARN_NON_LITERAL_NULL_CONVERSION = YES;
				CLANG_WARN_OBJC_IMPLICIT_RETAIN_SELF = YES;
				CLANG_WARN_OBJC_LITERAL_CONVERSION = YES;
				CLANG_WARN_OBJC_ROOT_CLASS = YES_ERROR;
				CLANG_WARN_RANGE_LOOP_ANALYSIS = YES;
				CLANG_WARN_STRICT_PROTOTYPES = YES;
				CLANG_WARN_SUSPICIOUS_MOVE = YES;
				CLANG_WARN_UNGUARDED_AVAILABILITY = YES_AGGRESSIVE;
				CLANG_WARN_UNREACHABLE_CODE = YES;
				CLANG_WARN__DUPLICATE_METHOD_MATCH = YES;
				COPY_PHASE_STRIP = NO;
				DEBUG_INFORMATION_FORMAT = "dwarf-with-dsym";
				ENABLE_NS_ASSERTIONS = NO;
				ENABLE_STRICT_OBJC_MSGSEND = YES;
				GCC_C_LANGUAGE_STANDARD = gnu11;
				GCC_NO_COMMON_BLOCKS = YES;
				GCC_WARN_64_TO_32_BIT_CONVERSION = YES;
				GCC_WARN_ABOUT_RETURN_TYPE = YES_ERROR;
				GCC_WARN_UNDECLARED_SELECTOR = YES;
				GCC_WARN_UNINITIALIZED_AUTOS = YES_AGGRESSIVE;
				GCC_WARN_UNUSED_FUNCTION = YES;
				GCC_WARN_UNUSED_VARIABLE = YES;
				IPHONEOS_DEPLOYMENT_TARGET = 13.1;
				MTL_ENABLE_DEBUG_INFO = NO;
				MTL_FAST_MATH = YES;
				SDKROOT = iphoneos;
				SWIFT_COMPILATION_MODE = wholemodule;
				SWIFT_OPTIMIZATION_LEVEL = "-O";
				VALIDATE_PRODUCT = YES;
			};
			name = Release;
		};
		D2FF124223A55B6200C1C1A2 /* Debug */ = {
			isa = XCBuildConfiguration;
			buildSettings = {
				ASSETCATALOG_COMPILER_APPICON_NAME = AppIcon;
				CODE_SIGN_STYLE = Automatic;
				DEVELOPMENT_TEAM = 267NNSDTBG;
				INFOPLIST_FILE = smarthome/Info.plist;
				LD_RUNPATH_SEARCH_PATHS = (
					"$(inherited)",
					"@executable_path/Frameworks",
				);
				PRODUCT_BUNDLE_IDENTIFIER = suryatech.smarthome;
				PRODUCT_NAME = "$(TARGET_NAME)";
				SWIFT_VERSION = 5.0;
				TARGETED_DEVICE_FAMILY = 1;
			};
			name = Debug;
		};
		D2FF124323A55B6200C1C1A2 /* Release */ = {
			isa = XCBuildConfiguration;
			buildSettings = {
				ASSETCATALOG_COMPILER_APPICON_NAME = AppIcon;
				CODE_SIGN_STYLE = Automatic;
				DEVELOPMENT_TEAM = 267NNSDTBG;
				INFOPLIST_FILE = smarthome/Info.plist;
				LD_RUNPATH_SEARCH_PATHS = (
					"$(inherited)",
					"@executable_path/Frameworks",
				);
				PRODUCT_BUNDLE_IDENTIFIER = suryatech.smarthome;
				PRODUCT_NAME = "$(TARGET_NAME)";
				SWIFT_VERSION = 5.0;
				TARGETED_DEVICE_FAMILY = 1;
			};
			name = Release;
		};
/* End XCBuildConfiguration section */

/* Begin XCConfigurationList section */
		D2FF122823A55B6000C1C1A2 /* Build configuration list for PBXProject "smarthome" */ = {
			isa = XCConfigurationList;
			buildConfigurations = (
				D2FF123F23A55B6200C1C1A2 /* Debug */,
				D2FF124023A55B6200C1C1A2 /* Release */,
			);
			defaultConfigurationIsVisible = 0;
			defaultConfigurationName = Release;
		};
		D2FF124123A55B6200C1C1A2 /* Build configuration list for PBXNativeTarget "smarthome" */ = {
			isa = XCConfigurationList;
			buildConfigurations = (
				D2FF124223A55B6200C1C1A2 /* Debug */,
				D2FF124323A55B6200C1C1A2 /* Release */,
			);
			defaultConfigurationIsVisible = 0;
			defaultConfigurationName = Release;
		};
/* End XCConfigurationList section */
	};
	rootObject = D2FF122523A55B6000C1C1A2 /* Project object */;
}
